{
  "version": 4,
  "terraform_version": "1.14.1",
  "serial": 1,
  "lineage": "1473c08a-182c-8ea2-0217-9bc7bd602cd7",
  "outputs": {
    "webapp_file_path": {
      "value": "./webapp/src/index.js",
      "type": "string"
    }
  },
  "resources": [
    {
      "mode": "managed",
      "type": "local_file",
      "name": "webapp_app",
      "provider": "provider[\"registry.terraform.io/hashicorp/local\"]",
      "instances": [
        {
          "schema_version": 0,
          "attributes": {
            "content": "const http = require('http');\n\nconst server = http.createServer((req, res) =\u003e {\n  res.end('Hello from Terraform Local Lab!');\n});\n\nserver.listen(3000);\n",
            "content_base64": null,
            "content_base64sha256": "5FutLkR/vsH8OQ7HW3D0TE88xuxNeF4vvNJHgRYrFp4=",
            "content_base64sha512": "ho8m3vfrpLYaviysQxBbeXyzvlYQlZwMA5GwF8v+TWIpSK76HxX+5xgxc+xMOysN5xRsnRXsFhKyn26pyahsUA==",
            "content_md5": "a63192ad7a5856b17f0314de3c4c8580",
            "content_sha1": "ebb4d4a37dfa0ae88ef41fdecd14e44d0ead812e",
            "content_sha256": "e45bad2e447fbec1fc390ec75b70f44c4f3cc6ec4d785e2fbcd24781162b169e",
            "content_sha512": "868f26def7eba4b61abe2cac43105b797cb3be5610959c0c0391b017cbfe4d622948aefa1f15fee7183173ec4c3b2b0de7146c9d15ec1612b29f6ea9c9a86c50",
            "directory_permission": "0777",
            "file_permission": "0777",
            "filename": "./webapp/src/index.js",
            "id": "ebb4d4a37dfa0ae88ef41fdecd14e44d0ead812e",
            "sensitive_content": null,
            "source": null
          },
          "sensitive_attributes": [
            [
              {
                "type": "get_attr",
                "value": "sensitive_content"
              }
            ]
          ],
          "identity_schema_version": 0
        }
      ]
    }
  ],
  "check_results": null
}
